
Microsoft Visual Studio Solution File, Format Version 12.00
# Visual Studio Version 17
VisualStudioVersion = 17.14.36408.4 d17.14
MinimumVisualStudioVersion = 10.0.40219.1
Project("{FAE04EC0-301F-11D3-BF4B-00C04F79EFBC}") = "Simple-Math", "Simple-Math.csproj", "{DA5A60D8-AC45-4BBB-BCE9-737360333EAC}"
EndProject
Project("{FAE04EC0-301F-11D3-BF4B-00C04F79EFBC}") = "Simple-Math-v2", "..\Simple-Math-v2\Simple-Math-v2.csproj", "{057A1687-7014-483E-9CC1-303B46848FC2}"
EndProject
Project("{FAE04EC0-301F-11D3-BF4B-00C04F79EFBC}") = "Simple-Math-v3", "..\Simple-Math-v3\Simple-Math-v3.csproj", "{4A425944-F3CE-48E5-B8A9-B19ECF79E173}"
EndProject
Project("{FAE04EC0-301F-11D3-BF4B-00C04F79EFBC}") = "Simple-Math-v4", "..\Simple-Math-v4\Simple-Math-v4.csproj", "{9E56963A-6C27-4E2A-B34F-D6D5DD31C688}"
EndProject
Global
	GlobalSection(SolutionConfigurationPlatforms) = preSolution
		Debug|Any CPU = Debug|Any CPU
		Release|Any CPU = Release|Any CPU
	EndGlobalSection
	GlobalSection(ProjectConfigurationPlatforms) = postSolution
		{DA5A60D8-AC45-4BBB-BCE9-737360333EAC}.Debug|Any CPU.ActiveCfg = Debug|Any CPU
		{DA5A60D8-AC45-4BBB-BCE9-737360333EAC}.Debug|Any CPU.Build.0 = Debug|Any CPU
		{DA5A60D8-AC45-4BBB-BCE9-737360333EAC}.Release|Any CPU.ActiveCfg = Release|Any CPU
		{DA5A60D8-AC45-4BBB-BCE9-737360333EAC}.Release|Any CPU.Build.0 = Release|Any CPU
		{057A1687-7014-483E-9CC1-303B46848FC2}.Debug|Any CPU.ActiveCfg = Debug|Any CPU
		{057A1687-7014-483E-9CC1-303B46848FC2}.Debug|Any CPU.Build.0 = Debug|Any CPU
		{057A1687-7014-483E-9CC1-303B46848FC2}.Release|Any CPU.ActiveCfg = Release|Any CPU
		{057A1687-7014-483E-9CC1-303B46848FC2}.Release|Any CPU.Build.0 = Release|Any CPU
		{4A425944-F3CE-48E5-B8A9-B19ECF79E173}.Debug|Any CPU.ActiveCfg = Debug|Any CPU
		{4A425944-F3CE-48E5-B8A9-B19ECF79E173}.Debug|Any CPU.Build.0 = Debug|Any CPU
		{4A425944-F3CE-48E5-B8A9-B19ECF79E173}.Release|Any CPU.ActiveCfg = Release|Any CPU
		{4A425944-F3CE-48E5-B8A9-B19ECF79E173}.Release|Any CPU.Build.0 = Release|Any CPU
		{9E56963A-6C27-4E2A-B34F-D6D5DD31C688}.Debug|Any CPU.ActiveCfg = Debug|Any CPU
		{9E56963A-6C27-4E2A-B34F-D6D5DD31C688}.Debug|Any CPU.Build.0 = Debug|Any CPU
		{9E56963A-6C27-4E2A-B34F-D6D5DD31C688}.Release|Any CPU.ActiveCfg = Release|Any CPU
		{9E56963A-6C27-4E2A-B34F-D6D5DD31C688}.Release|Any CPU.Build.0 = Release|Any CPU
	EndGlobalSection
	GlobalSection(SolutionProperties) = preSolution
		HideSolutionNode = FALSE
	EndGlobalSection
	GlobalSection(ExtensibilityGlobals) = postSolution
		SolutionGuid = {2F39C753-73F8-4D1D-A5C0-B48DBDB1A212}
	EndGlobalSection
EndGlobal
