
Microsoft Visual Studio Solution File, Format Version 12.00
# Visual Studio Version 17
VisualStudioVersion = 17.14.36408.4 d17.14
MinimumVisualStudioVersion = 10.0.40219.1
Project("{FAE04EC0-301F-11D3-BF4B-00C04F79EFBC}") = "Retirement-Calculator", "Retirement-Calculator.csproj", "{9D9B486E-436E-4962-9B9D-CF9650D79B31}"
EndProject
Project("{FAE04EC0-301F-11D3-BF4B-00C04F79EFBC}") = "Retirement-Calculator-v2", "..\Retirement-Calculator-v2\Retirement-Calculator-v2.csproj", "{B44E3A88-CD80-484E-88A2-56068B05D46E}"
EndProject
Global
	GlobalSection(SolutionConfigurationPlatforms) = preSolution
		Debug|Any CPU = Debug|Any CPU
		Release|Any CPU = Release|Any CPU
	EndGlobalSection
	GlobalSection(ProjectConfigurationPlatforms) = postSolution
		{9D9B486E-436E-4962-9B9D-CF9650D79B31}.Debug|Any CPU.ActiveCfg = Debug|Any CPU
		{9D9B486E-436E-4962-9B9D-CF9650D79B31}.Debug|Any CPU.Build.0 = Debug|Any CPU
		{9D9B486E-436E-4962-9B9D-CF9650D79B31}.Release|Any CPU.ActiveCfg = Release|Any CPU
		{9D9B486E-436E-4962-9B9D-CF9650D79B31}.Release|Any CPU.Build.0 = Release|Any CPU
		{B44E3A88-CD80-484E-88A2-56068B05D46E}.Debug|Any CPU.ActiveCfg = Debug|Any CPU
		{B44E3A88-CD80-484E-88A2-56068B05D46E}.Debug|Any CPU.Build.0 = Debug|Any CPU
		{B44E3A88-CD80-484E-88A2-56068B05D46E}.Release|Any CPU.ActiveCfg = Release|Any CPU
		{B44E3A88-CD80-484E-88A2-56068B05D46E}.Release|Any CPU.Build.0 = Release|Any CPU
	EndGlobalSection
	GlobalSection(SolutionProperties) = preSolution
		HideSolutionNode = FALSE
	EndGlobalSection
	GlobalSection(ExtensibilityGlobals) = postSolution
		SolutionGuid = {F581EF23-CB30-44CA-8478-306F0D675260}
	EndGlobalSection
EndGlobal
