
Microsoft Visual Studio Solution File, Format Version 12.00
# Visual Studio Version 17
VisualStudioVersion = 17.14.36429.23
MinimumVisualStudioVersion = 10.0.40219.1
Project("{FAE04EC0-301F-11D3-BF4B-00C04F79EFBC}") = "Blood-Alcohol-Calculator", "Blood-Alcohol-Calculator.csproj", "{37E56A8D-BFC7-4D2E-BC08-13942CDF133B}"
EndProject
Project("{FAE04EC0-301F-11D3-BF4B-00C04F79EFBC}") = "Blood-Alcohol-Calculator-v2", "..\Blood-Alcohol-Calculator-v2\Blood-Alcohol-Calculator-v2.csproj", "{45745287-B52A-46A3-ABA8-91D729747D94}"
EndProject
Global
	GlobalSection(SolutionConfigurationPlatforms) = preSolution
		Debug|Any CPU = Debug|Any CPU
		Release|Any CPU = Release|Any CPU
	EndGlobalSection
	GlobalSection(ProjectConfigurationPlatforms) = postSolution
		{37E56A8D-BFC7-4D2E-BC08-13942CDF133B}.Debug|Any CPU.ActiveCfg = Debug|Any CPU
		{37E56A8D-BFC7-4D2E-BC08-13942CDF133B}.Debug|Any CPU.Build.0 = Debug|Any CPU
		{37E56A8D-BFC7-4D2E-BC08-13942CDF133B}.Release|Any CPU.ActiveCfg = Release|Any CPU
		{37E56A8D-BFC7-4D2E-BC08-13942CDF133B}.Release|Any CPU.Build.0 = Release|Any CPU
		{45745287-B52A-46A3-ABA8-91D729747D94}.Debug|Any CPU.ActiveCfg = Debug|Any CPU
		{45745287-B52A-46A3-ABA8-91D729747D94}.Debug|Any CPU.Build.0 = Debug|Any CPU
		{45745287-B52A-46A3-ABA8-91D729747D94}.Release|Any CPU.ActiveCfg = Release|Any CPU
		{45745287-B52A-46A3-ABA8-91D729747D94}.Release|Any CPU.Build.0 = Release|Any CPU
	EndGlobalSection
	GlobalSection(SolutionProperties) = preSolution
		HideSolutionNode = FALSE
	EndGlobalSection
	GlobalSection(ExtensibilityGlobals) = postSolution
		SolutionGuid = {213C1EFD-E460-4F79-9B69-EC7FC1342F39}
	EndGlobalSection
EndGlobal
