
Microsoft Visual Studio Solution File, Format Version 12.00
# Visual Studio Version 17
VisualStudioVersion = 17.14.36429.23
MinimumVisualStudioVersion = 10.0.40219.1
Project("{FAE04EC0-301F-11D3-BF4B-00C04F79EFBC}") = "Computing-Simple-Interest", "Computing-Simple-Interest.csproj", "{DF052341-626D-40EB-9C27-13CE86D1820D}"
EndProject
Project("{FAE04EC0-301F-11D3-BF4B-00C04F79EFBC}") = "Computing-Simple-Interest-v2", "..\Computing-Simple-Interest-v2\Computing-Simple-Interest-v2.csproj", "{00286F48-F777-4844-B3E7-C8600789C091}"
EndProject
Global
	GlobalSection(SolutionConfigurationPlatforms) = preSolution
		Debug|Any CPU = Debug|Any CPU
		Release|Any CPU = Release|Any CPU
	EndGlobalSection
	GlobalSection(ProjectConfigurationPlatforms) = postSolution
		{DF052341-626D-40EB-9C27-13CE86D1820D}.Debug|Any CPU.ActiveCfg = Debug|Any CPU
		{DF052341-626D-40EB-9C27-13CE86D1820D}.Debug|Any CPU.Build.0 = Debug|Any CPU
		{DF052341-626D-40EB-9C27-13CE86D1820D}.Release|Any CPU.ActiveCfg = Release|Any CPU
		{DF052341-626D-40EB-9C27-13CE86D1820D}.Release|Any CPU.Build.0 = Release|Any CPU
		{00286F48-F777-4844-B3E7-C8600789C091}.Debug|Any CPU.ActiveCfg = Debug|Any CPU
		{00286F48-F777-4844-B3E7-C8600789C091}.Debug|Any CPU.Build.0 = Debug|Any CPU
		{00286F48-F777-4844-B3E7-C8600789C091}.Release|Any CPU.ActiveCfg = Release|Any CPU
		{00286F48-F777-4844-B3E7-C8600789C091}.Release|Any CPU.Build.0 = Release|Any CPU
	EndGlobalSection
	GlobalSection(SolutionProperties) = preSolution
		HideSolutionNode = FALSE
	EndGlobalSection
	GlobalSection(ExtensibilityGlobals) = postSolution
		SolutionGuid = {8F050FEE-8B06-4C36-9A73-A3E9DC1F1BE6}
	EndGlobalSection
EndGlobal
