
Microsoft Visual Studio Solution File, Format Version 12.00
# Visual Studio Version 17
VisualStudioVersion = 17.14.36429.23 d17.14
MinimumVisualStudioVersion = 10.0.40219.1
Project("{FAE04EC0-301F-11D3-BF4B-00C04F79EFBC}") = "Self-Checkout", "Self-Checkout.csproj", "{CE7F9D91-8C90-461A-986D-3A56E08522F3}"
EndProject
Project("{FAE04EC0-301F-11D3-BF4B-00C04F79EFBC}") = "Self-Checkout-v2", "..\Self-Checkout-v2\Self-Checkout-v2.csproj", "{705495EC-7AE9-4422-BA39-5E635255E2C9}"
EndProject
Project("{FAE04EC0-301F-11D3-BF4B-00C04F79EFBC}") = "Self-Checkout-v3", "..\Self-Checkout-v3\Self-Checkout-v3.csproj", "{2F5CB5D6-4AB0-4114-84BB-CD9B27102052}"
EndProject
Global
	GlobalSection(SolutionConfigurationPlatforms) = preSolution
		Debug|Any CPU = Debug|Any CPU
		Release|Any CPU = Release|Any CPU
	EndGlobalSection
	GlobalSection(ProjectConfigurationPlatforms) = postSolution
		{CE7F9D91-8C90-461A-986D-3A56E08522F3}.Debug|Any CPU.ActiveCfg = Debug|Any CPU
		{CE7F9D91-8C90-461A-986D-3A56E08522F3}.Debug|Any CPU.Build.0 = Debug|Any CPU
		{CE7F9D91-8C90-461A-986D-3A56E08522F3}.Release|Any CPU.ActiveCfg = Release|Any CPU
		{CE7F9D91-8C90-461A-986D-3A56E08522F3}.Release|Any CPU.Build.0 = Release|Any CPU
		{705495EC-7AE9-4422-BA39-5E635255E2C9}.Debug|Any CPU.ActiveCfg = Debug|Any CPU
		{705495EC-7AE9-4422-BA39-5E635255E2C9}.Debug|Any CPU.Build.0 = Debug|Any CPU
		{705495EC-7AE9-4422-BA39-5E635255E2C9}.Release|Any CPU.ActiveCfg = Release|Any CPU
		{705495EC-7AE9-4422-BA39-5E635255E2C9}.Release|Any CPU.Build.0 = Release|Any CPU
		{2F5CB5D6-4AB0-4114-84BB-CD9B27102052}.Debug|Any CPU.ActiveCfg = Debug|Any CPU
		{2F5CB5D6-4AB0-4114-84BB-CD9B27102052}.Debug|Any CPU.Build.0 = Debug|Any CPU
		{2F5CB5D6-4AB0-4114-84BB-CD9B27102052}.Release|Any CPU.ActiveCfg = Release|Any CPU
		{2F5CB5D6-4AB0-4114-84BB-CD9B27102052}.Release|Any CPU.Build.0 = Release|Any CPU
	EndGlobalSection
	GlobalSection(SolutionProperties) = preSolution
		HideSolutionNode = FALSE
	EndGlobalSection
	GlobalSection(ExtensibilityGlobals) = postSolution
		SolutionGuid = {859D85BF-C8E7-44CE-89D6-98D26A263AA7}
	EndGlobalSection
EndGlobal
