
Microsoft Visual Studio Solution File, Format Version 12.00
# Visual Studio Version 17
VisualStudioVersion = 17.14.36429.23 d17.14
MinimumVisualStudioVersion = 10.0.40219.1
Project("{FAE04EC0-301F-11D3-BF4B-00C04F79EFBC}") = "Comparing-Numbers", "Comparing-Numbers.csproj", "{BAC4D156-255C-4AA7-906B-E00E5CC1D361}"
EndProject
Project("{FAE04EC0-301F-11D3-BF4B-00C04F79EFBC}") = "Comparing-Numbers-v2", "..\Comparing-Numbers-v2\Comparing-Numbers-v2.csproj", "{768914EF-8B51-4D61-987F-30034DBB7B51}"
EndProject
Global
	GlobalSection(SolutionConfigurationPlatforms) = preSolution
		Debug|Any CPU = Debug|Any CPU
		Release|Any CPU = Release|Any CPU
	EndGlobalSection
	GlobalSection(ProjectConfigurationPlatforms) = postSolution
		{BAC4D156-255C-4AA7-906B-E00E5CC1D361}.Debug|Any CPU.ActiveCfg = Debug|Any CPU
		{BAC4D156-255C-4AA7-906B-E00E5CC1D361}.Debug|Any CPU.Build.0 = Debug|Any CPU
		{BAC4D156-255C-4AA7-906B-E00E5CC1D361}.Release|Any CPU.ActiveCfg = Release|Any CPU
		{BAC4D156-255C-4AA7-906B-E00E5CC1D361}.Release|Any CPU.Build.0 = Release|Any CPU
		{768914EF-8B51-4D61-987F-30034DBB7B51}.Debug|Any CPU.ActiveCfg = Debug|Any CPU
		{768914EF-8B51-4D61-987F-30034DBB7B51}.Debug|Any CPU.Build.0 = Debug|Any CPU
		{768914EF-8B51-4D61-987F-30034DBB7B51}.Release|Any CPU.ActiveCfg = Release|Any CPU
		{768914EF-8B51-4D61-987F-30034DBB7B51}.Release|Any CPU.Build.0 = Release|Any CPU
	EndGlobalSection
	GlobalSection(SolutionProperties) = preSolution
		HideSolutionNode = FALSE
	EndGlobalSection
	GlobalSection(ExtensibilityGlobals) = postSolution
		SolutionGuid = {D5D0EDE5-262F-45CD-85C9-8E6180F80FCE}
	EndGlobalSection
EndGlobal
