
Microsoft Visual Studio Solution File, Format Version 12.00
# Visual Studio Version 17
VisualStudioVersion = 17.14.36408.4
MinimumVisualStudioVersion = 10.0.40219.1
Project("{FAE04EC0-301F-11D3-BF4B-00C04F79EFBC}") = "Paint-Calculator", "Paint-Calculator.csproj", "{1A43213F-ED86-49FA-8855-620B4A9B2F2A}"
EndProject
Project("{FAE04EC0-301F-11D3-BF4B-00C04F79EFBC}") = "Paint-Calculator-v2", "..\Paint-Calculator-v2\Paint-Calculator-v2.csproj", "{796450ED-A35F-4930-8694-F63F268D60C6}"
EndProject
Project("{FAE04EC0-301F-11D3-BF4B-00C04F79EFBC}") = "Paint-Calculator-v3", "..\Paint-Calculator-v3\Paint-Calculator-v3.csproj", "{2DC9C0E6-3F63-4BAA-8176-E98A6C194423}"
EndProject
Global
	GlobalSection(SolutionConfigurationPlatforms) = preSolution
		Debug|Any CPU = Debug|Any CPU
		Release|Any CPU = Release|Any CPU
	EndGlobalSection
	GlobalSection(ProjectConfigurationPlatforms) = postSolution
		{1A43213F-ED86-49FA-8855-620B4A9B2F2A}.Debug|Any CPU.ActiveCfg = Debug|Any CPU
		{1A43213F-ED86-49FA-8855-620B4A9B2F2A}.Debug|Any CPU.Build.0 = Debug|Any CPU
		{1A43213F-ED86-49FA-8855-620B4A9B2F2A}.Release|Any CPU.ActiveCfg = Release|Any CPU
		{1A43213F-ED86-49FA-8855-620B4A9B2F2A}.Release|Any CPU.Build.0 = Release|Any CPU
		{796450ED-A35F-4930-8694-F63F268D60C6}.Debug|Any CPU.ActiveCfg = Debug|Any CPU
		{796450ED-A35F-4930-8694-F63F268D60C6}.Debug|Any CPU.Build.0 = Debug|Any CPU
		{796450ED-A35F-4930-8694-F63F268D60C6}.Release|Any CPU.ActiveCfg = Release|Any CPU
		{796450ED-A35F-4930-8694-F63F268D60C6}.Release|Any CPU.Build.0 = Release|Any CPU
		{2DC9C0E6-3F63-4BAA-8176-E98A6C194423}.Debug|Any CPU.ActiveCfg = Debug|Any CPU
		{2DC9C0E6-3F63-4BAA-8176-E98A6C194423}.Debug|Any CPU.Build.0 = Debug|Any CPU
		{2DC9C0E6-3F63-4BAA-8176-E98A6C194423}.Release|Any CPU.ActiveCfg = Release|Any CPU
		{2DC9C0E6-3F63-4BAA-8176-E98A6C194423}.Release|Any CPU.Build.0 = Release|Any CPU
	EndGlobalSection
	GlobalSection(SolutionProperties) = preSolution
		HideSolutionNode = FALSE
	EndGlobalSection
	GlobalSection(ExtensibilityGlobals) = postSolution
		SolutionGuid = {0BC07AD6-433C-47A4-95EB-EC78ABA738F1}
	EndGlobalSection
EndGlobal
